// !$*UTF8*$!
{
	archiveVersion = 1;
	classes = {
	};
	objectVersion = 46;
	objects = {

/* Begin PBXBuildFile section */
		476839DD1F7E85550013FCD5 /* GradientLayerAnimationController.swift in Sources */ = {isa = PBXBuildFile; fileRef = 476839DC1F7E85550013FCD5 /* GradientLayerAnimationController.swift */; };
		476839DF1F7E89310013FCD5 /* LayerAnimation.plist in Resources */ = {isa = PBXBuildFile; fileRef = 476839DE1F7E89310013FCD5 /* LayerAnimation.plist */; };
		C13B1F511F7F3D5A00204820 /* GradientLayerAnimationView.swift in Sources */ = {isa = PBXBuildFile; fileRef = C13B1F501F7F3D5A00204820 /* GradientLayerAnimationView.swift */; };
		C14659431F61024F0078525B /* LayerAnimationController.swift in Sources */ = {isa = PBXBuildFile; fileRef = C14659331F61024F0078525B /* LayerAnimationController.swift */; };
		C14659441F61024F0078525B /* MainController.swift in Sources */ = {isa = PBXBuildFile; fileRef = C14659381F61024F0078525B /* MainController.swift */; };
		C14659451F61024F0078525B /* Item.swift in Sources */ = {isa = PBXBuildFile; fileRef = C146593A1F61024F0078525B /* Item.swift */; };
		C14659461F61024F0078525B /* Main.plist in Resources */ = {isa = PBXBuildFile; fileRef = C146593B1F61024F0078525B /* Main.plist */; };
		C14659471F61024F0078525B /* MainTableViewCell.swift in Sources */ = {isa = PBXBuildFile; fileRef = C146593D1F61024F0078525B /* MainTableViewCell.swift */; };
		C14659481F61024F0078525B /* ViewAnimationController.swift in Sources */ = {isa = PBXBuildFile; fileRef = C14659401F61024F0078525B /* ViewAnimationController.swift */; };
		C1528CAA1F7F67A800E1A9DD /* ShapeLayerAnimationController.swift in Sources */ = {isa = PBXBuildFile; fileRef = C1528CA91F7F67A800E1A9DD /* ShapeLayerAnimationController.swift */; };
		C1528CAC1F7F67EB00E1A9DD /* ShapeLayerAnimationView.swift in Sources */ = {isa = PBXBuildFile; fileRef = C1528CAB1F7F67EB00E1A9DD /* ShapeLayerAnimationView.swift */; };
		C153691D1F6A2974006804A2 /* AutoLayoutAnimationController.swift in Sources */ = {isa = PBXBuildFile; fileRef = C153691B1F6A2974006804A2 /* AutoLayoutAnimationController.swift */; };
		C153691E1F6A2974006804A2 /* AutoLayoutAnimationController.xib in Resources */ = {isa = PBXBuildFile; fileRef = C153691C1F6A2974006804A2 /* AutoLayoutAnimationController.xib */; };
		C1957A6A1F60D419008D2E66 /* AppDelegate.swift in Sources */ = {isa = PBXBuildFile; fileRef = C1957A691F60D419008D2E66 /* AppDelegate.swift */; };
		C1957A6C1F60D419008D2E66 /* Assets.xcassets in Resources */ = {isa = PBXBuildFile; fileRef = C1957A6B1F60D419008D2E66 /* Assets.xcassets */; };
		C1957A6F1F60D419008D2E66 /* LaunchScreen.storyboard in Resources */ = {isa = PBXBuildFile; fileRef = C1957A6D1F60D419008D2E66 /* LaunchScreen.storyboard */; };
/* End PBXBuildFile section */

/* Begin PBXFileReference section */
		476839DC1F7E85550013FCD5 /* GradientLayerAnimationController.swift */ = {isa = PBXFileReference; lastKnownFileType = sourcecode.swift; path = GradientLayerAnimationController.swift; sourceTree = "<group>"; };
		476839DE1F7E89310013FCD5 /* LayerAnimation.plist */ = {isa = PBXFileReference; lastKnownFileType = text.plist.xml; path = LayerAnimation.plist; sourceTree = "<group>"; };
		C13B1F501F7F3D5A00204820 /* GradientLayerAnimationView.swift */ = {isa = PBXFileReference; lastKnownFileType = sourcecode.swift; path = GradientLayerAnimationView.swift; sourceTree = "<group>"; };
		C14659331F61024F0078525B /* LayerAnimationController.swift */ = {isa = PBXFileReference; fileEncoding = 4; lastKnownFileType = sourcecode.swift; path = LayerAnimationController.swift; sourceTree = "<group>"; };
		C14659381F61024F0078525B /* MainController.swift */ = {isa = PBXFileReference; fileEncoding = 4; lastKnownFileType = sourcecode.swift; path = MainController.swift; sourceTree = "<group>"; };
		C146593A1F61024F0078525B /* Item.swift */ = {isa = PBXFileReference; fileEncoding = 4; lastKnownFileType = sourcecode.swift; path = Item.swift; sourceTree = "<group>"; };
		C146593B1F61024F0078525B /* Main.plist */ = {isa = PBXFileReference; fileEncoding = 4; lastKnownFileType = text.plist.xml; path = Main.plist; sourceTree = "<group>"; };
		C146593D1F61024F0078525B /* MainTableViewCell.swift */ = {isa = PBXFileReference; fileEncoding = 4; lastKnownFileType = sourcecode.swift; path = MainTableViewCell.swift; sourceTree = "<group>"; };
		C14659401F61024F0078525B /* ViewAnimationController.swift */ = {isa = PBXFileReference; fileEncoding = 4; lastKnownFileType = sourcecode.swift; path = ViewAnimationController.swift; sourceTree = "<group>"; };
		C1528CA91F7F67A800E1A9DD /* ShapeLayerAnimationController.swift */ = {isa = PBXFileReference; lastKnownFileType = sourcecode.swift; path = ShapeLayerAnimationController.swift; sourceTree = "<group>"; };
		C1528CAB1F7F67EB00E1A9DD /* ShapeLayerAnimationView.swift */ = {isa = PBXFileReference; lastKnownFileType = sourcecode.swift; path = ShapeLayerAnimationView.swift; sourceTree = "<group>"; };
		C153691B1F6A2974006804A2 /* AutoLayoutAnimationController.swift */ = {isa = PBXFileReference; fileEncoding = 4; lastKnownFileType = sourcecode.swift; path = AutoLayoutAnimationController.swift; sourceTree = "<group>"; };
		C153691C1F6A2974006804A2 /* AutoLayoutAnimationController.xib */ = {isa = PBXFileReference; fileEncoding = 4; lastKnownFileType = file.xib; path = AutoLayoutAnimationController.xib; sourceTree = "<group>"; };
		C1957A661F60D419008D2E66 /* Animation.app */ = {isa = PBXFileReference; explicitFileType = wrapper.application; includeInIndex = 0; path = Animation.app; sourceTree = BUILT_PRODUCTS_DIR; };
		C1957A691F60D419008D2E66 /* AppDelegate.swift */ = {isa = PBXFileReference; lastKnownFileType = sourcecode.swift; path = AppDelegate.swift; sourceTree = "<group>"; };
		C1957A6B1F60D419008D2E66 /* Assets.xcassets */ = {isa = PBXFileReference; lastKnownFileType = folder.assetcatalog; path = Assets.xcassets; sourceTree = "<group>"; };
		C1957A6E1F60D419008D2E66 /* Base */ = {isa = PBXFileReference; lastKnownFileType = file.storyboard; name = Base; path = Base.lproj/LaunchScreen.storyboard; sourceTree = "<group>"; };
		C1957A701F60D419008D2E66 /* Info.plist */ = {isa = PBXFileReference; lastKnownFileType = text.plist.xml; path = Info.plist; sourceTree = "<group>"; };
/* End PBXFileReference section */

/* Begin PBXFrameworksBuildPhase section */
		C1957A631F60D419008D2E66 /* Frameworks */ = {
			isa = PBXFrameworksBuildPhase;
			buildActionMask = 2147483647;
			files = (
			);
			runOnlyForDeploymentPostprocessing = 0;
		};
/* End PBXFrameworksBuildPhase section */

/* Begin PBXGroup section */
		4778B23D1F7D495A00FDF6A3 /* Model */ = {
			isa = PBXGroup;
			children = (
			);
			path = Model;
			sourceTree = "<group>";
		};
		4778B23E1F7D495A00FDF6A3 /* View */ = {
			isa = PBXGroup;
			children = (
			);
			path = View;
			sourceTree = "<group>";
		};
		4778B23F1F7D496600FDF6A3 /* Model */ = {
			isa = PBXGroup;
			children = (
				476839DE1F7E89310013FCD5 /* LayerAnimation.plist */,
			);
			path = Model;
			sourceTree = "<group>";
		};
		4778B2401F7D496600FDF6A3 /* View */ = {
			isa = PBXGroup;
			children = (
				C13B1F501F7F3D5A00204820 /* GradientLayerAnimationView.swift */,
				C1528CAB1F7F67EB00E1A9DD /* ShapeLayerAnimationView.swift */,
			);
			path = View;
			sourceTree = "<group>";
		};
		4778B2411F7D497700FDF6A3 /* Model */ = {
			isa = PBXGroup;
			children = (
			);
			path = Model;
			sourceTree = "<group>";
		};
		4778B2421F7D497800FDF6A3 /* View */ = {
			isa = PBXGroup;
			children = (
			);
			path = View;
			sourceTree = "<group>";
		};
		C14659311F61024F0078525B /* LayerAnimation */ = {
			isa = PBXGroup;
			children = (
				C14659321F61024F0078525B /* Controller */,
				4778B23F1F7D496600FDF6A3 /* Model */,
				4778B2401F7D496600FDF6A3 /* View */,
			);
			path = LayerAnimation;
			sourceTree = "<group>";
		};
		C14659321F61024F0078525B /* Controller */ = {
			isa = PBXGroup;
			children = (
				C14659331F61024F0078525B /* LayerAnimationController.swift */,
				476839DC1F7E85550013FCD5 /* GradientLayerAnimationController.swift */,
				C1528CA91F7F67A800E1A9DD /* ShapeLayerAnimationController.swift */,
			);
			path = Controller;
			sourceTree = "<group>";
		};
		C14659361F61024F0078525B /* Main */ = {
			isa = PBXGroup;
			children = (
				C14659371F61024F0078525B /* Controller */,
				C14659391F61024F0078525B /* Model */,
				C146593C1F61024F0078525B /* View */,
			);
			path = Main;
			sourceTree = "<group>";
		};
		C14659371F61024F0078525B /* Controller */ = {
			isa = PBXGroup;
			children = (
				C14659381F61024F0078525B /* MainController.swift */,
			);
			path = Controller;
			sourceTree = "<group>";
		};
		C14659391F61024F0078525B /* Model */ = {
			isa = PBXGroup;
			children = (
				C146593A1F61024F0078525B /* Item.swift */,
				C146593B1F61024F0078525B /* Main.plist */,
			);
			path = Model;
			sourceTree = "<group>";
		};
		C146593C1F61024F0078525B /* View */ = {
			isa = PBXGroup;
			children = (
				C146593D1F61024F0078525B /* MainTableViewCell.swift */,
			);
			path = View;
			sourceTree = "<group>";
		};
		C146593E1F61024F0078525B /* ViewAnimation */ = {
			isa = PBXGroup;
			children = (
				C146593F1F61024F0078525B /* Controller */,
				4778B2411F7D497700FDF6A3 /* Model */,
				4778B2421F7D497800FDF6A3 /* View */,
			);
			path = ViewAnimation;
			sourceTree = "<group>";
		};
		C146593F1F61024F0078525B /* Controller */ = {
			isa = PBXGroup;
			children = (
				C14659401F61024F0078525B /* ViewAnimationController.swift */,
			);
			path = Controller;
			sourceTree = "<group>";
		};
		C1957A5D1F60D419008D2E66 = {
			isa = PBXGroup;
			children = (
				C1957A681F60D419008D2E66 /* Animation */,
				C1957A671F60D419008D2E66 /* Products */,
			);
			sourceTree = "<group>";
		};
		C1957A671F60D419008D2E66 /* Products */ = {
			isa = PBXGroup;
			children = (
				C1957A661F60D419008D2E66 /* Animation.app */,
			);
			name = Products;
			sourceTree = "<group>";
		};
		C1957A681F60D419008D2E66 /* Animation */ = {
			isa = PBXGroup;
			children = (
				C14659361F61024F0078525B /* Main */,
				C1C0158F1F6923A600CE8671 /* AutoLayoutAnimation */,
				C146593E1F61024F0078525B /* ViewAnimation */,
				C14659311F61024F0078525B /* LayerAnimation */,
				C1957A691F60D419008D2E66 /* AppDelegate.swift */,
				C1957A6B1F60D419008D2E66 /* Assets.xcassets */,
				C1957A6D1F60D419008D2E66 /* LaunchScreen.storyboard */,
				C1957A701F60D419008D2E66 /* Info.plist */,
			);
			path = Animation;
			sourceTree = "<group>";
		};
		C1C0158F1F6923A600CE8671 /* AutoLayoutAnimation */ = {
			isa = PBXGroup;
			children = (
				C1C015901F6923A600CE8671 /* Controller */,
				4778B23D1F7D495A00FDF6A3 /* Model */,
				4778B23E1F7D495A00FDF6A3 /* View */,
			);
			path = AutoLayoutAnimation;
			sourceTree = "<group>";
		};
		C1C015901F6923A600CE8671 /* Controller */ = {
			isa = PBXGroup;
			children = (
				C153691B1F6A2974006804A2 /* AutoLayoutAnimationController.swift */,
				C153691C1F6A2974006804A2 /* AutoLayoutAnimationController.xib */,
			);
			path = Controller;
			sourceTree = "<group>";
		};
/* End PBXGroup section */

/* Begin PBXNativeTarget section */
		C1957A651F60D419008D2E66 /* Animation */ = {
			isa = PBXNativeTarget;
			buildConfigurationList = C1957A731F60D419008D2E66 /* Build configuration list for PBXNativeTarget "Animation" */;
			buildPhases = (
				C1957A621F60D419008D2E66 /* Sources */,
				C1957A631F60D419008D2E66 /* Frameworks */,
				C1957A641F60D419008D2E66 /* Resources */,
			);
			buildRules = (
			);
			dependencies = (
			);
			name = Animation;
			productName = Animation;
			productReference = C1957A661F60D419008D2E66 /* Animation.app */;
			productType = "com.apple.product-type.application";
		};
/* End PBXNativeTarget section */

/* Begin PBXProject section */
		C1957A5E1F60D419008D2E66 /* Project object */ = {
			isa = PBXProject;
			attributes = {
				LastSwiftUpdateCheck = 0830;
				LastUpgradeCheck = 0830;
				ORGANIZATIONNAME = JefferyHe;
				TargetAttributes = {
					C1957A651F60D419008D2E66 = {
						CreatedOnToolsVersion = 8.3.3;
						DevelopmentTeam = FN82QTBZ23;
						LastSwiftMigration = 0900;
						ProvisioningStyle = Automatic;
					};
				};
			};
			buildConfigurationList = C1957A611F60D419008D2E66 /* Build configuration list for PBXProject "Animation" */;
			compatibilityVersion = "Xcode 3.2";
			developmentRegion = English;
			hasScannedForEncodings = 0;
			knownRegions = (
				en,
				Base,
			);
			mainGroup = C1957A5D1F60D419008D2E66;
			productRefGroup = C1957A671F60D419008D2E66 /* Products */;
			projectDirPath = "";
			projectRoot = "";
			targets = (
				C1957A651F60D419008D2E66 /* Animation */,
			);
		};
/* End PBXProject section */

/* Begin PBXResourcesBuildPhase section */
		C1957A641F60D419008D2E66 /* Resources */ = {
			isa = PBXResourcesBuildPhase;
			buildActionMask = 2147483647;
			files = (
				C1957A6C1F60D419008D2E66 /* Assets.xcassets in Resources */,
				476839DF1F7E89310013FCD5 /* LayerAnimation.plist in Resources */,
				C1957A6F1F60D419008D2E66 /* LaunchScreen.storyboard in Resources */,
				C14659461F61024F0078525B /* Main.plist in Resources */,
				C153691E1F6A2974006804A2 /* AutoLayoutAnimationController.xib in Resources */,
			);
			runOnlyForDeploymentPostprocessing = 0;
		};
/* End PBXResourcesBuildPhase section */

/* Begin PBXSourcesBuildPhase section */
		C1957A621F60D419008D2E66 /* Sources */ = {
			isa = PBXSourcesBuildPhase;
			buildActionMask = 2147483647;
			files = (
				C1528CAC1F7F67EB00E1A9DD /* ShapeLayerAnimationView.swift in Sources */,
				476839DD1F7E85550013FCD5 /* GradientLayerAnimationController.swift in Sources */,
				C14659451F61024F0078525B /* Item.swift in Sources */,
				C14659431F61024F0078525B /* LayerAnimationController.swift in Sources */,
				C14659441F61024F0078525B /* MainController.swift in Sources */,
				C1528CAA1F7F67A800E1A9DD /* ShapeLayerAnimationController.swift in Sources */,
				C13B1F511F7F3D5A00204820 /* GradientLayerAnimationView.swift in Sources */,
				C153691D1F6A2974006804A2 /* AutoLayoutAnimationController.swift in Sources */,
				C1957A6A1F60D419008D2E66 /* AppDelegate.swift in Sources */,
				C14659471F61024F0078525B /* MainTableViewCell.swift in Sources */,
				C14659481F61024F0078525B /* ViewAnimationController.swift in Sources */,
			);
			runOnlyForDeploymentPostprocessing = 0;
		};
/* End PBXSourcesBuildPhase section */

/* Begin PBXVariantGroup section */
		C1957A6D1F60D419008D2E66 /* LaunchScreen.storyboard */ = {
			isa = PBXVariantGroup;
			children = (
				C1957A6E1F60D419008D2E66 /* Base */,
			);
			name = LaunchScreen.storyboard;
			sourceTree = "<group>";
		};
/* End PBXVariantGroup section */

/* Begin XCBuildConfiguration section */
		C1957A711F60D419008D2E66 /* Debug */ = {
			isa = XCBuildConfiguration;
			buildSettings = {
				ALWAYS_SEARCH_USER_PATHS = NO;
				CLANG_ANALYZER_NONNULL = YES;
				CLANG_ANALYZER_NUMBER_OBJECT_CONVERSION = YES_AGGRESSIVE;
				CLANG_CXX_LANGUAGE_STANDARD = "gnu++0x";
				CLANG_CXX_LIBRARY = "libc++";
				CLANG_ENABLE_MODULES = YES;
				CLANG_ENABLE_OBJC_ARC = YES;
				CLANG_WARN_BOOL_CONVERSION = YES;
				CLANG_WARN_CONSTANT_CONVERSION = YES;
				CLANG_WARN_DIRECT_OBJC_ISA_USAGE = YES_ERROR;
				CLANG_WARN_DOCUMENTATION_COMMENTS = YES;
				CLANG_WARN_EMPTY_BODY = YES;
				CLANG_WARN_ENUM_CONVERSION = YES;
				CLANG_WARN_INFINITE_RECURSION = YES;
				CLANG_WARN_INT_CONVERSION = YES;
				CLANG_WARN_OBJC_ROOT_CLASS = YES_ERROR;
				CLANG_WARN_SUSPICIOUS_MOVE = YES;
				CLANG_WARN_UNREACHABLE_CODE = YES;
				CLANG_WARN__DUPLICATE_METHOD_MATCH = YES;
				"CODE_SIGN_IDENTITY[sdk=iphoneos*]" = "iPhone Developer";
				COPY_PHASE_STRIP = NO;
				DEBUG_INFORMATION_FORMAT = dwarf;
				ENABLE_STRICT_OBJC_MSGSEND = YES;
				ENABLE_TESTABILITY = YES;
				GCC_C_LANGUAGE_STANDARD = gnu99;
				GCC_DYNAMIC_NO_PIC = NO;
				GCC_NO_COMMON_BLOCKS = YES;
				GCC_OPTIMIZATION_LEVEL = 0;
				GCC_PREPROCESSOR_DEFINITIONS = (
					"DEBUG=1",
					"$(inherited)",
				);
				GCC_WARN_64_TO_32_BIT_CONVERSION = YES;
				GCC_WARN_ABOUT_RETURN_TYPE = YES_ERROR;
				GCC_WARN_UNDECLARED_SELECTOR = YES;
				GCC_WARN_UNINITIALIZED_AUTOS = YES_AGGRESSIVE;
				GCC_WARN_UNUSED_FUNCTION = YES;
				GCC_WARN_UNUSED_VARIABLE = YES;
				IPHONEOS_DEPLOYMENT_TARGET = 10.3;
				MTL_ENABLE_DEBUG_INFO = YES;
				ONLY_ACTIVE_ARCH = YES;
				SDKROOT = iphoneos;
				SWIFT_ACTIVE_COMPILATION_CONDITIONS = DEBUG;
				SWIFT_OPTIMIZATION_LEVEL = "-Onone";
			};
			name = Debug;
		};
		C1957A721F60D419008D2E66 /* Release */ = {
			isa = XCBuildConfiguration;
			buildSettings = {
				ALWAYS_SEARCH_USER_PATHS = NO;
				CLANG_ANALYZER_NONNULL = YES;
				CLANG_ANALYZER_NUMBER_OBJECT_CONVERSION = YES_AGGRESSIVE;
				CLANG_CXX_LANGUAGE_STANDARD = "gnu++0x";
				CLANG_CXX_LIBRARY = "libc++";
				CLANG_ENABLE_MODULES = YES;
				CLANG_ENABLE_OBJC_ARC = YES;
				CLANG_WARN_BOOL_CONVERSION = YES;
				CLANG_WARN_CONSTANT_CONVERSION = YES;
				CLANG_WARN_DIRECT_OBJC_ISA_USAGE = YES_ERROR;
				CLANG_WARN_DOCUMENTATION_COMMENTS = YES;
				CLANG_WARN_EMPTY_BODY = YES;
				CLANG_WARN_ENUM_CONVERSION = YES;
				CLANG_WARN_INFINITE_RECURSION = YES;
				CLANG_WARN_INT_CONVERSION = YES;
				CLANG_WARN_OBJC_ROOT_CLASS = YES_ERROR;
				CLANG_WARN_SUSPICIOUS_MOVE = YES;
				CLANG_WARN_UNREACHABLE_CODE = YES;
				CLANG_WARN__DUPLICATE_METHOD_MATCH = YES;
				"CODE_SIGN_IDENTITY[sdk=iphoneos*]" = "iPhone Developer";
				COPY_PHASE_STRIP = NO;
				DEBUG_INFORMATION_FORMAT = "dwarf-with-dsym";
				ENABLE_NS_ASSERTIONS = NO;
				ENABLE_STRICT_OBJC_MSGSEND = YES;
				GCC_C_LANGUAGE_STANDARD = gnu99;
				GCC_NO_COMMON_BLOCKS = YES;
				GCC_WARN_64_TO_32_BIT_CONVERSION = YES;
				GCC_WARN_ABOUT_RETURN_TYPE = YES_ERROR;
				GCC_WARN_UNDECLARED_SELECTOR = YES;
				GCC_WARN_UNINITIALIZED_AUTOS = YES_AGGRESSIVE;
				GCC_WARN_UNUSED_FUNCTION = YES;
				GCC_WARN_UNUSED_VARIABLE = YES;
				IPHONEOS_DEPLOYMENT_TARGET = 10.3;
				MTL_ENABLE_DEBUG_INFO = NO;
				SDKROOT = iphoneos;
				SWIFT_OPTIMIZATION_LEVEL = "-Owholemodule";
				VALIDATE_PRODUCT = YES;
			};
			name = Release;
		};
		C1957A741F60D419008D2E66 /* Debug */ = {
			isa = XCBuildConfiguration;
			buildSettings = {
				ASSETCATALOG_COMPILER_APPICON_NAME = AppIcon;
				DEVELOPMENT_TEAM = FN82QTBZ23;
				INFOPLIST_FILE = Animation/Info.plist;
				IPHONEOS_DEPLOYMENT_TARGET = 10.0;
				LD_RUNPATH_SEARCH_PATHS = "$(inherited) @executable_path/Frameworks";
				PRODUCT_BUNDLE_IDENTIFIER = com.jeffery.Animation;
				PRODUCT_NAME = "$(TARGET_NAME)";
				SWIFT_SWIFT3_OBJC_INFERENCE = On;
				SWIFT_VERSION = 4.0;
			};
			name = Debug;
		};
		C1957A751F60D419008D2E66 /* Release */ = {
			isa = XCBuildConfiguration;
			buildSettings = {
				ASSETCATALOG_COMPILER_APPICON_NAME = AppIcon;
				DEVELOPMENT_TEAM = FN82QTBZ23;
				INFOPLIST_FILE = Animation/Info.plist;
				IPHONEOS_DEPLOYMENT_TARGET = 10.0;
				LD_RUNPATH_SEARCH_PATHS = "$(inherited) @executable_path/Frameworks";
				PRODUCT_BUNDLE_IDENTIFIER = com.jeffery.Animation;
				PRODUCT_NAME = "$(TARGET_NAME)";
				SWIFT_SWIFT3_OBJC_INFERENCE = On;
				SWIFT_VERSION = 4.0;
			};
			name = Release;
		};
/* End XCBuildConfiguration section */

/* Begin XCConfigurationList section */
		C1957A611F60D419008D2E66 /* Build configuration list for PBXProject "Animation" */ = {
			isa = XCConfigurationList;
			buildConfigurations = (
				C1957A711F60D419008D2E66 /* Debug */,
				C1957A721F60D419008D2E66 /* Release */,
			);
			defaultConfigurationIsVisible = 0;
			defaultConfigurationName = Release;
		};
		C1957A731F60D419008D2E66 /* Build configuration list for PBXNativeTarget "Animation" */ = {
			isa = XCConfigurationList;
			buildConfigurations = (
				C1957A741F60D419008D2E66 /* Debug */,
				C1957A751F60D419008D2E66 /* Release */,
			);
			defaultConfigurationIsVisible = 0;
			defaultConfigurationName = Release;
		};
/* End XCConfigurationList section */
	};
	rootObject = C1957A5E1F60D419008D2E66 /* Project object */;
}
